Microsoft Visual Studio Solution File, Format Version 12.00
# Visual Studio Version 17
VisualStudioVersion = 17.0.31903.59
MinimumVisualStudioVersion = 10.0.40219.1
Project("{FAE04EC0-301F-11D3-BF4B-00C04F79EFBC}") = "LumaTherm.Core", "src\LumaTherm.Core\LumaTherm.Core.csproj", "{7E0B524A-8B9C-4A7E-B7F4-FB859A5E787B}"
EndProject
Project("{FAE04EC0-301F-11D3-BF4B-00C04F79EFBC}") = "LumaTherm.Core.Tests", "tests\LumaTherm.Core.Tests\LumaTherm.Core.Tests.csproj", "{19F6F6AD-7C46-49D1-AE12-5FCA2BDE9D62}"
EndProject
Project("{FAE04EC0-301F-11D3-BF4B-00C04F79EFBC}") = "LumaTherm.Infrastructure", "src\LumaTherm.Infrastructure\LumaTherm.Infrastructure.csproj", "{B21A3E49-35E2-4D54-A113-2E757F3CF6B9}"
EndProject
Project("{FAE04EC0-301F-11D3-BF4B-00C04F79EFBC}") = "LumaTherm.Infrastructure.Tests", "tests\LumaTherm.Infrastructure.Tests\LumaTherm.Infrastructure.Tests.csproj", "{4D445E89-895C-4829-B126-AD6EA6B278A0}"
EndProject
Project("{FAE04EC0-301F-11D3-BF4B-00C04F79EFBC}") = "LumaTherm.App", "src\LumaTherm.App\LumaTherm.App.csproj", "{D45BF9D7-019B-4E08-B1C3-2E69C391B1A5}"
EndProject
Project("{FAE04EC0-301F-11D3-BF4B-00C04F79EFBC}") = "LumaTherm.App.Tests", "tests\LumaTherm.App.Tests\LumaTherm.App.Tests.csproj", "{F06B9DA4-88C8-4A9A-89AC-D3B0E9CB55A8}"
EndProject
Global
	GlobalSection(SolutionConfigurationPlatforms) = preSolution
		Debug|Any CPU = Debug|Any CPU
		Release|Any CPU = Release|Any CPU
	EndGlobalSection
	GlobalSection(ProjectConfigurationPlatforms) = postSolution
		{7E0B524A-8B9C-4A7E-B7F4-FB859A5E787B}.Debug|Any CPU.ActiveCfg = Debug|Any CPU
		{7E0B524A-8B9C-4A7E-B7F4-FB859A5E787B}.Debug|Any CPU.Build.0 = Debug|Any CPU
		{7E0B524A-8B9C-4A7E-B7F4-FB859A5E787B}.Release|Any CPU.ActiveCfg = Release|Any CPU
		{7E0B524A-8B9C-4A7E-B7F4-FB859A5E787B}.Release|Any CPU.Build.0 = Release|Any CPU
		{19F6F6AD-7C46-49D1-AE12-5FCA2BDE9D62}.Debug|Any CPU.ActiveCfg = Debug|Any CPU
		{19F6F6AD-7C46-49D1-AE12-5FCA2BDE9D62}.Debug|Any CPU.Build.0 = Debug|Any CPU
		{19F6F6AD-7C46-49D1-AE12-5FCA2BDE9D62}.Release|Any CPU.ActiveCfg = Release|Any CPU
		{19F6F6AD-7C46-49D1-AE12-5FCA2BDE9D62}.Release|Any CPU.Build.0 = Release|Any CPU
		{B21A3E49-35E2-4D54-A113-2E757F3CF6B9}.Debug|Any CPU.ActiveCfg = Debug|Any CPU
		{B21A3E49-35E2-4D54-A113-2E757F3CF6B9}.Debug|Any CPU.Build.0 = Debug|Any CPU
		{B21A3E49-35E2-4D54-A113-2E757F3CF6B9}.Release|Any CPU.ActiveCfg = Release|Any CPU
		{B21A3E49-35E2-4D54-A113-2E757F3CF6B9}.Release|Any CPU.Build.0 = Release|Any CPU
		{4D445E89-895C-4829-B126-AD6EA6B278A0}.Debug|Any CPU.ActiveCfg = Debug|Any CPU
		{4D445E89-895C-4829-B126-AD6EA6B278A0}.Debug|Any CPU.Build.0 = Debug|Any CPU
		{4D445E89-895C-4829-B126-AD6EA6B278A0}.Release|Any CPU.ActiveCfg = Release|Any CPU
		{4D445E89-895C-4829-B126-AD6EA6B278A0}.Release|Any CPU.Build.0 = Release|Any CPU
		{D45BF9D7-019B-4E08-B1C3-2E69C391B1A5}.Debug|Any CPU.ActiveCfg = Debug|Any CPU
		{D45BF9D7-019B-4E08-B1C3-2E69C391B1A5}.Debug|Any CPU.Build.0 = Debug|Any CPU
		{D45BF9D7-019B-4E08-B1C3-2E69C391B1A5}.Release|Any CPU.ActiveCfg = Release|Any CPU
		{D45BF9D7-019B-4E08-B1C3-2E69C391B1A5}.Release|Any CPU.Build.0 = Release|Any CPU
		{F06B9DA4-88C8-4A9A-89AC-D3B0E9CB55A8}.Debug|Any CPU.ActiveCfg = Debug|Any CPU
		{F06B9DA4-88C8-4A9A-89AC-D3B0E9CB55A8}.Debug|Any CPU.Build.0 = Debug|Any CPU
		{F06B9DA4-88C8-4A9A-89AC-D3B0E9CB55A8}.Release|Any CPU.ActiveCfg = Release|Any CPU
		{F06B9DA4-88C8-4A9A-89AC-D3B0E9CB55A8}.Release|Any CPU.Build.0 = Release|Any CPU
	EndGlobalSection
EndGlobal
